dependencies:
  idf:
    source:
      type: idf
    version: 5.2.7
  lvgl/lvgl:
    component_hash: d7c1ac037ae6e85d94897f807d6e7ba0946a83e720074fc95a4f6241da9f9f53
    dependencies: []
    source:
      registry_url: https://components.espressif.com/
      type: service
    version: 8.4.0
direct_dependencies:
- lvgl/lvgl
manifest_hash: 8e3ff7c6e08cc5c82fe9e148f20aba4e9488f321ec80dab8cb60452cb8705715
target: esp32s3
version: 2.0.0
